
Microsoft Visual Studio Solution File, Format Version 12.00
# Visual Studio Version 17
VisualStudioVersion = 17.14.36414.22
MinimumVisualStudioVersion = 10.0.40219.1
Project("{2150E333-8FDC-42A3-9474-1A3956D46DE8}") = "Task 0", "Task 0", "{02EA681E-C7D8-13C7-8484-4AC65E1B71E8}"
EndProject
Project("{FAE04EC0-301F-11D3-BF4B-00C04F79EFBC}") = "Tyuiu.PankovaAA.Sprint3.Task0.V4", "Tyuiu.PankovaAA.Sprint3.Task0.V4\Tyuiu.PankovaAA.Sprint3.Task0.V4.csproj", "{CE6B7E20-449B-4A9B-943D-3908789B0DDB}"
EndProject
Project("{FAE04EC0-301F-11D3-BF4B-00C04F79EFBC}") = "Tyuiu.PankovaAA.Sprint3.Task0.V4.Lib", "Tyuiu.PankovaAA.Sprint3.Task0.V4.Lib\Tyuiu.PankovaAA.Sprint3.Task0.V4.Lib.csproj", "{F19DFBE2-03D9-44A5-890C-B8A083C0627C}"
EndProject
Project("{FAE04EC0-301F-11D3-BF4B-00C04F79EFBC}") = "Tyuiu.PankovaAA.Sprint3.Task0.V4.Test", "Tyuiu.PankovaAA.Sprint3.Task0.V4.Test\Tyuiu.PankovaAA.Sprint3.Task0.V4.Test.csproj", "{7A5B7793-55F7-4815-A8E1-16A928C01FA5}"
EndProject
Project("{2150E333-8FDC-42A3-9474-1A3956D46DE8}") = "Task 1", "Task 1", "{CE4676B6-1E3B-478F-9184-AC3E2AC7B626}"
EndProject
Project("{FAE04EC0-301F-11D3-BF4B-00C04F79EFBC}") = "Tyuiu.PankovaAA.Sprint3.Task1.V18", "Tyuiu.PankovaAA.Sprint3.Task1.V18\Tyuiu.PankovaAA.Sprint3.Task1.V18.csproj", "{663DD63F-D10C-42C4-BF91-CB1618137307}"
EndProject
Project("{FAE04EC0-301F-11D3-BF4B-00C04F79EFBC}") = "Tyuiu.PankovaAA.Sprint3.Task1.V18.Lib", "Tyuiu.PankovaAA.Sprint3.Task1.V18.Lib\Tyuiu.PankovaAA.Sprint3.Task1.V18.Lib.csproj", "{B6B7D8D4-1E8E-4854-8907-6558CD811732}"
EndProject
Project("{FAE04EC0-301F-11D3-BF4B-00C04F79EFBC}") = "Tyuiu.PankovaAA.Sprint3.Task1.V18.Test", "Tyuiu.PankovaAA.Sprint3.Task1.V18.Test\Tyuiu.PankovaAA.Sprint3.Task1.V18.Test.csproj", "{8B189357-A32D-4285-A722-9D99F913AEB3}"
EndProject
Project("{2150E333-8FDC-42A3-9474-1A3956D46DE8}") = "Task 2", "Task 2", "{ADAB57BD-168D-4257-9BEB-EADE66B6BA66}"
EndProject
Project("{FAE04EC0-301F-11D3-BF4B-00C04F79EFBC}") = "Tyuiu.PankovaAA.Sprint3.Task2.V12", "Tyuiu.PankovaAA.Sprint3.Task2.V12\Tyuiu.PankovaAA.Sprint3.Task2.V12.csproj", "{458D925F-3EE7-4DB1-B4CC-4A6499D1C6F6}"
EndProject
Project("{FAE04EC0-301F-11D3-BF4B-00C04F79EFBC}") = "Tyuiu.PankovaAA.Sprint3.Task2.V12.Lib", "Tyuiu.PankovaAA.Sprint3.Task2.V12.Lib\Tyuiu.PankovaAA.Sprint3.Task2.V12.Lib.csproj", "{9DD96F2A-7414-4971-8ECD-ADD136AB4BCD}"
EndProject
Project("{FAE04EC0-301F-11D3-BF4B-00C04F79EFBC}") = "Tyuiu.PankovaAA.Sprint3.Task2.V12.Test", "Tyuiu.PankovaAA.Sprint3.Task2.V12.Test\Tyuiu.PankovaAA.Sprint3.Task2.V12.Test.csproj", "{A9C3F405-46DE-44B1-845B-44500670731F}"
EndProject
Project("{2150E333-8FDC-42A3-9474-1A3956D46DE8}") = "Task 4", "Task 4", "{3EEF9CBA-E8BA-4C6D-92E8-2DF5ACB33F1C}"
EndProject
Project("{FAE04EC0-301F-11D3-BF4B-00C04F79EFBC}") = "Tyuiu.PankovaAA.Sprint3.Task4.V24", "Tyuiu.PankovaAA.Sprint3.Task4.V24\Tyuiu.PankovaAA.Sprint3.Task4.V24.csproj", "{9FE0143F-4808-4A15-A5CA-8EA4B5A6A2A1}"
EndProject
Project("{FAE04EC0-301F-11D3-BF4B-00C04F79EFBC}") = "Tyuiu.PankovaAA.Sprint3.Task4.V24.Lib", "Tyuiu.PankovaAA.Sprint3.Task4.V24.Lib\Tyuiu.PankovaAA.Sprint3.Task4.V24.Lib.csproj", "{53B071BF-4D63-48A3-9237-FC3B72B8A1F1}"
EndProject
Project("{FAE04EC0-301F-11D3-BF4B-00C04F79EFBC}") = "Tyuiu.PankovaAA.Sprint3.Task4.V24.Test", "Tyuiu.PankovaAA.Sprint3.Task4.V24.Test\Tyuiu.PankovaAA.Sprint3.Task4.V24.Test.csproj", "{91278CD1-D05C-4609-9A7B-A039FEE06FA0}"
EndProject
Project("{2150E333-8FDC-42A3-9474-1A3956D46DE8}") = "Task 5", "Task 5", "{87F1E96F-425C-4086-AA9B-C722724DBC6D}"
EndProject
Project("{FAE04EC0-301F-11D3-BF4B-00C04F79EFBC}") = "Tyuiu.PankovaAA.Sprint3.Task5.V30", "Tyuiu.PankovaAA.Sprint3.Task5.V30\Tyuiu.PankovaAA.Sprint3.Task5.V30.csproj", "{04B1F9C0-7DCF-4ACC-97FB-C84297129090}"
EndProject
Project("{FAE04EC0-301F-11D3-BF4B-00C04F79EFBC}") = "Tyuiu.PankovaAA.Sprint3.Task5.V30.Lib", "Tyuiu.PankovaAA.Sprint3.Task5.V30.Lib\Tyuiu.PankovaAA.Sprint3.Task5.V30.Lib.csproj", "{8CA732FC-B771-4C23-B23B-34BEADC4E8DA}"
EndProject
Project("{FAE04EC0-301F-11D3-BF4B-00C04F79EFBC}") = "Tyuiu.PankovaAA.Sprint3.Task5.V30.Test", "Tyuiu.PankovaAA.Sprint3.Task5.V30.Test\Tyuiu.PankovaAA.Sprint3.Task5.V30.Test.csproj", "{530C1A23-85A6-4B3A-8C22-795D0E716FEA}"
EndProject
Project("{2150E333-8FDC-42A3-9474-1A3956D46DE8}") = "Task 6", "Task 6", "{59402102-FBB6-44B2-8364-1729342EE18E}"
EndProject
Project("{FAE04EC0-301F-11D3-BF4B-00C04F79EFBC}") = "Tyuiu.PankovaAA.Sprint3.Task6.V14", "Tyuiu.PankovaAA.Sprint3.Task6.V14\Tyuiu.PankovaAA.Sprint3.Task6.V14.csproj", "{82091406-65BE-4927-9FDC-195E31747E68}"
EndProject
Project("{FAE04EC0-301F-11D3-BF4B-00C04F79EFBC}") = "Tyuiu.PankovaAA.Sprint3.Task6.V14.Lib", "Tyuiu.PankovaAA.Sprint3.Task6.V14.Lib\Tyuiu.PankovaAA.Sprint3.Task6.V14.Lib.csproj", "{7C3C1F20-6C28-4411-88D0-4BDD36517120}"
EndProject
Project("{FAE04EC0-301F-11D3-BF4B-00C04F79EFBC}") = "Tyuiu.PankovaAA.Sprint3.Task6.V14.Test", "Tyuiu.PankovaAA.Sprint3.Task6.V14.Test\Tyuiu.PankovaAA.Sprint3.Task6.V14.Test.csproj", "{3A6E2F62-11D8-450C-BD38-437F58984EAF}"
EndProject
Project("{2150E333-8FDC-42A3-9474-1A3956D46DE8}") = "Task 3", "Task 3", "{4DB89420-462C-4390-AD6B-6AAD2835142A}"
EndProject
Project("{2150E333-8FDC-42A3-9474-1A3956D46DE8}") = "Task 7", "Task 7", "{8E3D31B2-A94F-4BF7-8F01-9CB8D52B6E8C}"
EndProject
Project("{FAE04EC0-301F-11D3-BF4B-00C04F79EFBC}") = "Tyuiu.PankovaAA.Sprint3.Task7.V30", "Tyuiu.PankovaAA.Sprint3.Task7.V30\Tyuiu.PankovaAA.Sprint3.Task7.V30.csproj", "{C9B5EE88-FF9F-4340-976E-543BD91C1877}"
EndProject
Project("{FAE04EC0-301F-11D3-BF4B-00C04F79EFBC}") = "Tyuiu.PankovaAA.Sprint3.Task7.V30.Lib", "Tyuiu.PankovaAA.Sprint3.Task7.V30.Lib\Tyuiu.PankovaAA.Sprint3.Task7.V30.Lib.csproj", "{E0E6DAC7-1F43-49F4-98D2-D0A1A676FE6C}"
EndProject
Project("{FAE04EC0-301F-11D3-BF4B-00C04F79EFBC}") = "Tyuiu.PankovaAA.Sprint3.Task7.V30.Test", "Tyuiu.PankovaAA.Sprint3.Task7.V30.Test\Tyuiu.PankovaAA.Sprint3.Task7.V30.Test.csproj", "{C8DB6B81-5961-411D-8624-38463279EFF1}"
EndProject
Project("{FAE04EC0-301F-11D3-BF4B-00C04F79EFBC}") = "Tyuiu.PankovaAA.Sprint3.Task3.V20", "Tyuiu.PankovaAA.Sprint3.Task3.V20\Tyuiu.PankovaAA.Sprint3.Task3.V20.csproj", "{2C4A5FAE-D9B8-426D-BE3D-D862B6936345}"
EndProject
Project("{FAE04EC0-301F-11D3-BF4B-00C04F79EFBC}") = "Tyuiu.PankovaAA.Sprint3.Task3.V20.Lib", "Tyuiu.PankovaAA.Sprint3.Task3.V20.Lib\Tyuiu.PankovaAA.Sprint3.Task3.V20.Lib.csproj", "{DF19F6F7-B916-43D8-A0F3-19E69DC6C676}"
EndProject
Project("{FAE04EC0-301F-11D3-BF4B-00C04F79EFBC}") = "Tyuiu.PankovaAA.Sprint3.Task3.V20.Test", "Tyuiu.PankovaAA.Sprint3.Task3.V20.Test\Tyuiu.PankovaAA.Sprint3.Task3.V20.Test.csproj", "{E38B9EF9-EECE-434E-8297-EEB107F9C95C}"
EndProject
Global
	GlobalSection(SolutionConfigurationPlatforms) = preSolution
		Debug|Any CPU = Debug|Any CPU
		Release|Any CPU = Release|Any CPU
	EndGlobalSection
	GlobalSection(ProjectConfigurationPlatforms) = postSolution
		{CE6B7E20-449B-4A9B-943D-3908789B0DDB}.Debug|Any CPU.ActiveCfg = Debug|Any CPU
		{CE6B7E20-449B-4A9B-943D-3908789B0DDB}.Debug|Any CPU.Build.0 = Debug|Any CPU
		{CE6B7E20-449B-4A9B-943D-3908789B0DDB}.Release|Any CPU.ActiveCfg = Release|Any CPU
		{CE6B7E20-449B-4A9B-943D-3908789B0DDB}.Release|Any CPU.Build.0 = Release|Any CPU
		{F19DFBE2-03D9-44A5-890C-B8A083C0627C}.Debug|Any CPU.ActiveCfg = Debug|Any CPU
		{F19DFBE2-03D9-44A5-890C-B8A083C0627C}.Debug|Any CPU.Build.0 = Debug|Any CPU
		{F19DFBE2-03D9-44A5-890C-B8A083C0627C}.Release|Any CPU.ActiveCfg = Release|Any CPU
		{F19DFBE2-03D9-44A5-890C-B8A083C0627C}.Release|Any CPU.Build.0 = Release|Any CPU
		{7A5B7793-55F7-4815-A8E1-16A928C01FA5}.Debug|Any CPU.ActiveCfg = Debug|Any CPU
		{7A5B7793-55F7-4815-A8E1-16A928C01FA5}.Debug|Any CPU.Build.0 = Debug|Any CPU
		{7A5B7793-55F7-4815-A8E1-16A928C01FA5}.Release|Any CPU.ActiveCfg = Release|Any CPU
		{7A5B7793-55F7-4815-A8E1-16A928C01FA5}.Release|Any CPU.Build.0 = Release|Any CPU
		{663DD63F-D10C-42C4-BF91-CB1618137307}.Debug|Any CPU.ActiveCfg = Debug|Any CPU
		{663DD63F-D10C-42C4-BF91-CB1618137307}.Debug|Any CPU.Build.0 = Debug|Any CPU
		{663DD63F-D10C-42C4-BF91-CB1618137307}.Release|Any CPU.ActiveCfg = Release|Any CPU
		{663DD63F-D10C-42C4-BF91-CB1618137307}.Release|Any CPU.Build.0 = Release|Any CPU
		{B6B7D8D4-1E8E-4854-8907-6558CD811732}.Debug|Any CPU.ActiveCfg = Debug|Any CPU
		{B6B7D8D4-1E8E-4854-8907-6558CD811732}.Debug|Any CPU.Build.0 = Debug|Any CPU
		{B6B7D8D4-1E8E-4854-8907-6558CD811732}.Release|Any CPU.ActiveCfg = Release|Any CPU
		{B6B7D8D4-1E8E-4854-8907-6558CD811732}.Release|Any CPU.Build.0 = Release|Any CPU
		{8B189357-A32D-4285-A722-9D99F913AEB3}.Debug|Any CPU.ActiveCfg = Debug|Any CPU
		{8B189357-A32D-4285-A722-9D99F913AEB3}.Debug|Any CPU.Build.0 = Debug|Any CPU
		{8B189357-A32D-4285-A722-9D99F913AEB3}.Release|Any CPU.ActiveCfg = Release|Any CPU
		{8B189357-A32D-4285-A722-9D99F913AEB3}.Release|Any CPU.Build.0 = Release|Any CPU
		{458D925F-3EE7-4DB1-B4CC-4A6499D1C6F6}.Debug|Any CPU.ActiveCfg = Debug|Any CPU
		{458D925F-3EE7-4DB1-B4CC-4A6499D1C6F6}.Debug|Any CPU.Build.0 = Debug|Any CPU
		{458D925F-3EE7-4DB1-B4CC-4A6499D1C6F6}.Release|Any CPU.ActiveCfg = Release|Any CPU
		{458D925F-3EE7-4DB1-B4CC-4A6499D1C6F6}.Release|Any CPU.Build.0 = Release|Any CPU
		{9DD96F2A-7414-4971-8ECD-ADD136AB4BCD}.Debug|Any CPU.ActiveCfg = Debug|Any CPU
		{9DD96F2A-7414-4971-8ECD-ADD136AB4BCD}.Debug|Any CPU.Build.0 = Debug|Any CPU
		{9DD96F2A-7414-4971-8ECD-ADD136AB4BCD}.Release|Any CPU.ActiveCfg = Release|Any CPU
		{9DD96F2A-7414-4971-8ECD-ADD136AB4BCD}.Release|Any CPU.Build.0 = Release|Any CPU
		{A9C3F405-46DE-44B1-845B-44500670731F}.Debug|Any CPU.ActiveCfg = Debug|Any CPU
		{A9C3F405-46DE-44B1-845B-44500670731F}.Debug|Any CPU.Build.0 = Debug|Any CPU
		{A9C3F405-46DE-44B1-845B-44500670731F}.Release|Any CPU.ActiveCfg = Release|Any CPU
		{A9C3F405-46DE-44B1-845B-44500670731F}.Release|Any CPU.Build.0 = Release|Any CPU
		{9FE0143F-4808-4A15-A5CA-8EA4B5A6A2A1}.Debug|Any CPU.ActiveCfg = Debug|Any CPU
		{9FE0143F-4808-4A15-A5CA-8EA4B5A6A2A1}.Debug|Any CPU.Build.0 = Debug|Any CPU
		{9FE0143F-4808-4A15-A5CA-8EA4B5A6A2A1}.Release|Any CPU.ActiveCfg = Release|Any CPU
		{9FE0143F-4808-4A15-A5CA-8EA4B5A6A2A1}.Release|Any CPU.Build.0 = Release|Any CPU
		{53B071BF-4D63-48A3-9237-FC3B72B8A1F1}.Debug|Any CPU.ActiveCfg = Debug|Any CPU
		{53B071BF-4D63-48A3-9237-FC3B72B8A1F1}.Debug|Any CPU.Build.0 = Debug|Any CPU
		{53B071BF-4D63-48A3-9237-FC3B72B8A1F1}.Release|Any CPU.ActiveCfg = Release|Any CPU
		{53B071BF-4D63-48A3-9237-FC3B72B8A1F1}.Release|Any CPU.Build.0 = Release|Any CPU
		{91278CD1-D05C-4609-9A7B-A039FEE06FA0}.Debug|Any CPU.ActiveCfg = Debug|Any CPU
		{91278CD1-D05C-4609-9A7B-A039FEE06FA0}.Debug|Any CPU.Build.0 = Debug|Any CPU
		{91278CD1-D05C-4609-9A7B-A039FEE06FA0}.Release|Any CPU.ActiveCfg = Release|Any CPU
		{91278CD1-D05C-4609-9A7B-A039FEE06FA0}.Release|Any CPU.Build.0 = Release|Any CPU
		{04B1F9C0-7DCF-4ACC-97FB-C84297129090}.Debug|Any CPU.ActiveCfg = Debug|Any CPU
		{04B1F9C0-7DCF-4ACC-97FB-C84297129090}.Debug|Any CPU.Build.0 = Debug|Any CPU
		{04B1F9C0-7DCF-4ACC-97FB-C84297129090}.Release|Any CPU.ActiveCfg = Release|Any CPU
		{04B1F9C0-7DCF-4ACC-97FB-C84297129090}.Release|Any CPU.Build.0 = Release|Any CPU
		{8CA732FC-B771-4C23-B23B-34BEADC4E8DA}.Debug|Any CPU.ActiveCfg = Debug|Any CPU
		{8CA732FC-B771-4C23-B23B-34BEADC4E8DA}.Debug|Any CPU.Build.0 = Debug|Any CPU
		{8CA732FC-B771-4C23-B23B-34BEADC4E8DA}.Release|Any CPU.ActiveCfg = Release|Any CPU
		{8CA732FC-B771-4C23-B23B-34BEADC4E8DA}.Release|Any CPU.Build.0 = Release|Any CPU
		{530C1A23-85A6-4B3A-8C22-795D0E716FEA}.Debug|Any CPU.ActiveCfg = Debug|Any CPU
		{530C1A23-85A6-4B3A-8C22-795D0E716FEA}.Debug|Any CPU.Build.0 = Debug|Any CPU
		{530C1A23-85A6-4B3A-8C22-795D0E716FEA}.Release|Any CPU.ActiveCfg = Release|Any CPU
		{530C1A23-85A6-4B3A-8C22-795D0E716FEA}.Release|Any CPU.Build.0 = Release|Any CPU
		{82091406-65BE-4927-9FDC-195E31747E68}.Debug|Any CPU.ActiveCfg = Debug|Any CPU
		{82091406-65BE-4927-9FDC-195E31747E68}.Debug|Any CPU.Build.0 = Debug|Any CPU
		{82091406-65BE-4927-9FDC-195E31747E68}.Release|Any CPU.ActiveCfg = Release|Any CPU
		{82091406-65BE-4927-9FDC-195E31747E68}.Release|Any CPU.Build.0 = Release|Any CPU
		{7C3C1F20-6C28-4411-88D0-4BDD36517120}.Debug|Any CPU.ActiveCfg = Debug|Any CPU
		{7C3C1F20-6C28-4411-88D0-4BDD36517120}.Debug|Any CPU.Build.0 = Debug|Any CPU
		{7C3C1F20-6C28-4411-88D0-4BDD36517120}.Release|Any CPU.ActiveCfg = Release|Any CPU
		{7C3C1F20-6C28-4411-88D0-4BDD36517120}.Release|Any CPU.Build.0 = Release|Any CPU
		{3A6E2F62-11D8-450C-BD38-437F58984EAF}.Debug|Any CPU.ActiveCfg = Debug|Any CPU
		{3A6E2F62-11D8-450C-BD38-437F58984EAF}.Debug|Any CPU.Build.0 = Debug|Any CPU
		{3A6E2F62-11D8-450C-BD38-437F58984EAF}.Release|Any CPU.ActiveCfg = Release|Any CPU
		{3A6E2F62-11D8-450C-BD38-437F58984EAF}.Release|Any CPU.Build.0 = Release|Any CPU
		{C9B5EE88-FF9F-4340-976E-543BD91C1877}.Debug|Any CPU.ActiveCfg = Debug|Any CPU
		{C9B5EE88-FF9F-4340-976E-543BD91C1877}.Debug|Any CPU.Build.0 = Debug|Any CPU
		{C9B5EE88-FF9F-4340-976E-543BD91C1877}.Release|Any CPU.ActiveCfg = Release|Any CPU
		{C9B5EE88-FF9F-4340-976E-543BD91C1877}.Release|Any CPU.Build.0 = Release|Any CPU
		{E0E6DAC7-1F43-49F4-98D2-D0A1A676FE6C}.Debug|Any CPU.ActiveCfg = Debug|Any CPU
		{E0E6DAC7-1F43-49F4-98D2-D0A1A676FE6C}.Debug|Any CPU.Build.0 = Debug|Any CPU
		{E0E6DAC7-1F43-49F4-98D2-D0A1A676FE6C}.Release|Any CPU.ActiveCfg = Release|Any CPU
		{E0E6DAC7-1F43-49F4-98D2-D0A1A676FE6C}.Release|Any CPU.Build.0 = Release|Any CPU
		{C8DB6B81-5961-411D-8624-38463279EFF1}.Debug|Any CPU.ActiveCfg = Debug|Any CPU
		{C8DB6B81-5961-411D-8624-38463279EFF1}.Debug|Any CPU.Build.0 = Debug|Any CPU
		{C8DB6B81-5961-411D-8624-38463279EFF1}.Release|Any CPU.ActiveCfg = Release|Any CPU
		{C8DB6B81-5961-411D-8624-38463279EFF1}.Release|Any CPU.Build.0 = Release|Any CPU
		{2C4A5FAE-D9B8-426D-BE3D-D862B6936345}.Debug|Any CPU.ActiveCfg = Debug|Any CPU
		{2C4A5FAE-D9B8-426D-BE3D-D862B6936345}.Debug|Any CPU.Build.0 = Debug|Any CPU
		{2C4A5FAE-D9B8-426D-BE3D-D862B6936345}.Release|Any CPU.ActiveCfg = Release|Any CPU
		{2C4A5FAE-D9B8-426D-BE3D-D862B6936345}.Release|Any CPU.Build.0 = Release|Any CPU
		{DF19F6F7-B916-43D8-A0F3-19E69DC6C676}.Debug|Any CPU.ActiveCfg = Debug|Any CPU
		{DF19F6F7-B916-43D8-A0F3-19E69DC6C676}.Debug|Any CPU.Build.0 = Debug|Any CPU
		{DF19F6F7-B916-43D8-A0F3-19E69DC6C676}.Release|Any CPU.ActiveCfg = Release|Any CPU
		{DF19F6F7-B916-43D8-A0F3-19E69DC6C676}.Release|Any CPU.Build.0 = Release|Any CPU
		{E38B9EF9-EECE-434E-8297-EEB107F9C95C}.Debug|Any CPU.ActiveCfg = Debug|Any CPU
		{E38B9EF9-EECE-434E-8297-EEB107F9C95C}.Debug|Any CPU.Build.0 = Debug|Any CPU
		{E38B9EF9-EECE-434E-8297-EEB107F9C95C}.Release|Any CPU.ActiveCfg = Release|Any CPU
		{E38B9EF9-EECE-434E-8297-EEB107F9C95C}.Release|Any CPU.Build.0 = Release|Any CPU
	EndGlobalSection
	GlobalSection(SolutionProperties) = preSolution
		HideSolutionNode = FALSE
	EndGlobalSection
	GlobalSection(NestedProjects) = preSolution
		{CE6B7E20-449B-4A9B-943D-3908789B0DDB} = {02EA681E-C7D8-13C7-8484-4AC65E1B71E8}
		{F19DFBE2-03D9-44A5-890C-B8A083C0627C} = {02EA681E-C7D8-13C7-8484-4AC65E1B71E8}
		{7A5B7793-55F7-4815-A8E1-16A928C01FA5} = {02EA681E-C7D8-13C7-8484-4AC65E1B71E8}
		{663DD63F-D10C-42C4-BF91-CB1618137307} = {CE4676B6-1E3B-478F-9184-AC3E2AC7B626}
		{B6B7D8D4-1E8E-4854-8907-6558CD811732} = {CE4676B6-1E3B-478F-9184-AC3E2AC7B626}
		{8B189357-A32D-4285-A722-9D99F913AEB3} = {CE4676B6-1E3B-478F-9184-AC3E2AC7B626}
		{458D925F-3EE7-4DB1-B4CC-4A6499D1C6F6} = {ADAB57BD-168D-4257-9BEB-EADE66B6BA66}
		{9DD96F2A-7414-4971-8ECD-ADD136AB4BCD} = {ADAB57BD-168D-4257-9BEB-EADE66B6BA66}
		{A9C3F405-46DE-44B1-845B-44500670731F} = {ADAB57BD-168D-4257-9BEB-EADE66B6BA66}
		{9FE0143F-4808-4A15-A5CA-8EA4B5A6A2A1} = {3EEF9CBA-E8BA-4C6D-92E8-2DF5ACB33F1C}
		{53B071BF-4D63-48A3-9237-FC3B72B8A1F1} = {3EEF9CBA-E8BA-4C6D-92E8-2DF5ACB33F1C}
		{91278CD1-D05C-4609-9A7B-A039FEE06FA0} = {3EEF9CBA-E8BA-4C6D-92E8-2DF5ACB33F1C}
		{04B1F9C0-7DCF-4ACC-97FB-C84297129090} = {87F1E96F-425C-4086-AA9B-C722724DBC6D}
		{8CA732FC-B771-4C23-B23B-34BEADC4E8DA} = {87F1E96F-425C-4086-AA9B-C722724DBC6D}
		{530C1A23-85A6-4B3A-8C22-795D0E716FEA} = {87F1E96F-425C-4086-AA9B-C722724DBC6D}
		{82091406-65BE-4927-9FDC-195E31747E68} = {59402102-FBB6-44B2-8364-1729342EE18E}
		{7C3C1F20-6C28-4411-88D0-4BDD36517120} = {59402102-FBB6-44B2-8364-1729342EE18E}
		{3A6E2F62-11D8-450C-BD38-437F58984EAF} = {59402102-FBB6-44B2-8364-1729342EE18E}
		{C9B5EE88-FF9F-4340-976E-543BD91C1877} = {8E3D31B2-A94F-4BF7-8F01-9CB8D52B6E8C}
		{E0E6DAC7-1F43-49F4-98D2-D0A1A676FE6C} = {8E3D31B2-A94F-4BF7-8F01-9CB8D52B6E8C}
		{C8DB6B81-5961-411D-8624-38463279EFF1} = {8E3D31B2-A94F-4BF7-8F01-9CB8D52B6E8C}
		{2C4A5FAE-D9B8-426D-BE3D-D862B6936345} = {4DB89420-462C-4390-AD6B-6AAD2835142A}
		{DF19F6F7-B916-43D8-A0F3-19E69DC6C676} = {4DB89420-462C-4390-AD6B-6AAD2835142A}
		{E38B9EF9-EECE-434E-8297-EEB107F9C95C} = {4DB89420-462C-4390-AD6B-6AAD2835142A}
	EndGlobalSection
	GlobalSection(ExtensibilityGlobals) = postSolution
		SolutionGuid = {B5585D91-5F0E-490D-941F-42954ADE1E2F}
	EndGlobalSection
EndGlobal
